// !$*UTF8*$!
{
	archiveVersion = 1;
	classes = {
	};
	objectVersion = 46;
	objects = {

/* Begin PBXBuildFile section */
		DC71F9261AAD01F500F7ED6F /* AppDelegate.swift in Sources */ = {isa = PBXBuildFile; fileRef = DC71F9251AAD01F500F7ED6F /* AppDelegate.swift */; };
		DC71F9281AAD01F500F7ED6F /* ViewController.swift in Sources */ = {isa = PBXBuildFile; fileRef = DC71F9271AAD01F500F7ED6F /* ViewController.swift */; };
		DC71F92B1AAD01F500F7ED6F /* Main.storyboard in Resources */ = {isa = PBXBuildFile; fileRef = DC71F9291AAD01F500F7ED6F /* Main.storyboard */; };
		DC71F92D1AAD01F500F7ED6F /* Images.xcassets in Resources */ = {isa = PBXBuildFile; fileRef = DC71F92C1AAD01F500F7ED6F /* Images.xcassets */; };
		DC71F9301AAD01F500F7ED6F /* LaunchScreen.xib in Resources */ = {isa = PBXBuildFile; fileRef = DC71F92E1AAD01F500F7ED6F /* LaunchScreen.xib */; };
		DC71F93C1AAD01F500F7ED6F /* TableCellReuseTests.swift in Sources */ = {isa = PBXBuildFile; fileRef = DC71F93B1AAD01F500F7ED6F /* TableCellReuseTests.swift */; };
		DC71F9461AAD085E00F7ED6F /* MyCustomTableViewCell.swift in Sources */ = {isa = PBXBuildFile; fileRef = DC71F9451AAD085E00F7ED6F /* MyCustomTableViewCell.swift */; };
/* End PBXBuildFile section */

/* Begin PBXContainerItemProxy section */
		DC71F9361AAD01F500F7ED6F /* PBXContainerItemProxy */ = {
			isa = PBXContainerItemProxy;
			containerPortal = DC71F9181AAD01F500F7ED6F /* Project object */;
			proxyType = 1;
			remoteGlobalIDString = DC71F91F1AAD01F500F7ED6F;
			remoteInfo = TableCellReuse;
		};
/* End PBXContainerItemProxy section */

/* Begin PBXFileReference section */
		DC71F9201AAD01F500F7ED6F /* TableCellReuse.app */ = {isa = PBXFileReference; explicitFileType = wrapper.application; includeInIndex = 0; path = TableCellReuse.app; sourceTree = BUILT_PRODUCTS_DIR; };
		DC71F9241AAD01F500F7ED6F /* Info.plist */ = {isa = PBXFileReference; lastKnownFileType = text.plist.xml; path = Info.plist; sourceTree = "<group>"; };
		DC71F9251AAD01F500F7ED6F /* AppDelegate.swift */ = {isa = PBXFileReference; lastKnownFileType = sourcecode.swift; path = AppDelegate.swift; sourceTree = "<group>"; };
		DC71F9271AAD01F500F7ED6F /* ViewController.swift */ = {isa = PBXFileReference; lastKnownFileType = sourcecode.swift; path = ViewController.swift; sourceTree = "<group>"; };
		DC71F92A1AAD01F500F7ED6F /* Base */ = {isa = PBXFileReference; lastKnownFileType = file.storyboard; name = Base; path = Base.lproj/Main.storyboard; sourceTree = "<group>"; };
		DC71F92C1AAD01F500F7ED6F /* Images.xcassets */ = {isa = PBXFileReference; lastKnownFileType = folder.assetcatalog; path = Images.xcassets; sourceTree = "<group>"; };
		DC71F92F1AAD01F500F7ED6F /* Base */ = {isa = PBXFileReference; lastKnownFileType = file.xib; name = Base; path = Base.lproj/LaunchScreen.xib; sourceTree = "<group>"; };
		DC71F9351AAD01F500F7ED6F /* TableCellReuseTests.xctest */ = {isa = PBXFileReference; explicitFileType = wrapper.cfbundle; includeInIndex = 0; path = TableCellReuseTests.xctest; sourceTree = BUILT_PRODUCTS_DIR; };
		DC71F93A1AAD01F500F7ED6F /* Info.plist */ = {isa = PBXFileReference; lastKnownFileType = text.plist.xml; path = Info.plist; sourceTree = "<group>"; };
		DC71F93B1AAD01F500F7ED6F /* TableCellReuseTests.swift */ = {isa = PBXFileReference; lastKnownFileType = sourcecode.swift; path = TableCellReuseTests.swift; sourceTree = "<group>"; };
		DC71F9451AAD085E00F7ED6F /* MyCustomTableViewCell.swift */ = {isa = PBXFileReference; fileEncoding = 4; lastKnownFileType = sourcecode.swift; path = MyCustomTableViewCell.swift; sourceTree = "<group>"; };
/* End PBXFileReference section */

/* Begin PBXFrameworksBuildPhase section */
		DC71F91D1AAD01F500F7ED6F /* Frameworks */ = {
			isa = PBXFrameworksBuildPhase;
			buildActionMask = 2147483647;
			files = (
			);
			runOnlyForDeploymentPostprocessing = 0;
		};
		DC71F9321AAD01F500F7ED6F /* Frameworks */ = {
			isa = PBXFrameworksBuildPhase;
			buildActionMask = 2147483647;
			files = (
			);
			runOnlyForDeploymentPostprocessing = 0;
		};
/* End PBXFrameworksBuildPhase section */

/* Begin PBXGroup section */
		DC71F9171AAD01F500F7ED6F = {
			isa = PBXGroup;
			children = (
				DC71F9221AAD01F500F7ED6F /* TableCellReuse */,
				DC71F9381AAD01F500F7ED6F /* TableCellReuseTests */,
				DC71F9211AAD01F500F7ED6F /* Products */,
			);
			sourceTree = "<group>";
		};
		DC71F9211AAD01F500F7ED6F /* Products */ = {
			isa = PBXGroup;
			children = (
				DC71F9201AAD01F500F7ED6F /* TableCellReuse.app */,
				DC71F9351AAD01F500F7ED6F /* TableCellReuseTests.xctest */,
			);
			name = Products;
			sourceTree = "<group>";
		};
		DC71F9221AAD01F500F7ED6F /* TableCellReuse */ = {
			isa = PBXGroup;
			children = (
				DC71F9251AAD01F500F7ED6F /* AppDelegate.swift */,
				DC71F9271AAD01F500F7ED6F /* ViewController.swift */,
				DC71F9291AAD01F500F7ED6F /* Main.storyboard */,
				DC71F92C1AAD01F500F7ED6F /* Images.xcassets */,
				DC71F92E1AAD01F500F7ED6F /* LaunchScreen.xib */,
				DC71F9231AAD01F500F7ED6F /* Supporting Files */,
				DC71F9451AAD085E00F7ED6F /* MyCustomTableViewCell.swift */,
			);
			path = TableCellReuse;
			sourceTree = "<group>";
		};
		DC71F9231AAD01F500F7ED6F /* Supporting Files */ = {
			isa = PBXGroup;
			children = (
				DC71F9241AAD01F500F7ED6F /* Info.plist */,
			);
			name = "Supporting Files";
			sourceTree = "<group>";
		};
		DC71F9381AAD01F500F7ED6F /* TableCellReuseTests */ = {
			isa = PBXGroup;
			children = (
				DC71F93B1AAD01F500F7ED6F /* TableCellReuseTests.swift */,
				DC71F9391AAD01F500F7ED6F /* Supporting Files */,
			);
			path = TableCellReuseTests;
			sourceTree = "<group>";
		};
		DC71F9391AAD01F500F7ED6F /* Supporting Files */ = {
			isa = PBXGroup;
			children = (
				DC71F93A1AAD01F500F7ED6F /* Info.plist */,
			);
			name = "Supporting Files";
			sourceTree = "<group>";
		};
/* End PBXGroup section */

/* Begin PBXNativeTarget section */
		DC71F91F1AAD01F500F7ED6F /* TableCellReuse */ = {
			isa = PBXNativeTarget;
			buildConfigurationList = DC71F93F1AAD01F500F7ED6F /* Build configuration list for PBXNativeTarget "TableCellReuse" */;
			buildPhases = (
				DC71F91C1AAD01F500F7ED6F /* Sources */,
				DC71F91D1AAD01F500F7ED6F /* Frameworks */,
				DC71F91E1AAD01F500F7ED6F /* Resources */,
			);
			buildRules = (
			);
			dependencies = (
			);
			name = TableCellReuse;
			productName = TableCellReuse;
			productReference = DC71F9201AAD01F500F7ED6F /* TableCellReuse.app */;
			productType = "com.apple.product-type.application";
		};
		DC71F9341AAD01F500F7ED6F /* TableCellReuseTests */ = {
			isa = PBXNativeTarget;
			buildConfigurationList = DC71F9421AAD01F500F7ED6F /* Build configuration list for PBXNativeTarget "TableCellReuseTests" */;
			buildPhases = (
				DC71F9311AAD01F500F7ED6F /* Sources */,
				DC71F9321AAD01F500F7ED6F /* Frameworks */,
				DC71F9331AAD01F500F7ED6F /* Resources */,
			);
			buildRules = (
			);
			dependencies = (
				DC71F9371AAD01F500F7ED6F /* PBXTargetDependency */,
			);
			name = TableCellReuseTests;
			productName = TableCellReuseTests;
			productReference = DC71F9351AAD01F500F7ED6F /* TableCellReuseTests.xctest */;
			productType = "com.apple.product-type.bundle.unit-test";
		};
/* End PBXNativeTarget section */

/* Begin PBXProject section */
		DC71F9181AAD01F500F7ED6F /* Project object */ = {
			isa = PBXProject;
			attributes = {
				LastUpgradeCheck = 0610;
				ORGANIZATIONNAME = "Adam Johns";
				TargetAttributes = {
					DC71F91F1AAD01F500F7ED6F = {
						CreatedOnToolsVersion = 6.1.1;
					};
					DC71F9341AAD01F500F7ED6F = {
						CreatedOnToolsVersion = 6.1.1;
						TestTargetID = DC71F91F1AAD01F500F7ED6F;
					};
				};
			};
			buildConfigurationList = DC71F91B1AAD01F500F7ED6F /* Build configuration list for PBXProject "TableCellReuse" */;
			compatibilityVersion = "Xcode 3.2";
			developmentRegion = English;
			hasScannedForEncodings = 0;
			knownRegions = (
				en,
				Base,
			);
			mainGroup = DC71F9171AAD01F500F7ED6F;
			productRefGroup = DC71F9211AAD01F500F7ED6F /* Products */;
			projectDirPath = "";
			projectRoot = "";
			targets = (
				DC71F91F1AAD01F500F7ED6F /* TableCellReuse */,
				DC71F9341AAD01F500F7ED6F /* TableCellReuseTests */,
			);
		};
/* End PBXProject section */

/* Begin PBXResourcesBuildPhase section */
		DC71F91E1AAD01F500F7ED6F /* Resources */ = {
			isa = PBXResourcesBuildPhase;
			buildActionMask = 2147483647;
			files = (
				DC71F92B1AAD01F500F7ED6F /* Main.storyboard in Resources */,
				DC71F9301AAD01F500F7ED6F /* LaunchScreen.xib in Resources */,
				DC71F92D1AAD01F500F7ED6F /* Images.xcassets in Resources */,
			);
			runOnlyForDeploymentPostprocessing = 0;
		};
		DC71F9331AAD01F500F7ED6F /* Resources */ = {
			isa = PBXResourcesBuildPhase;
			buildActionMask = 2147483647;
			files = (
			);
			runOnlyForDeploymentPostprocessing = 0;
		};
/* End PBXResourcesBuildPhase section */

/* Begin PBXSourcesBuildPhase section */
		DC71F91C1AAD01F500F7ED6F /* Sources */ = {
			isa = PBXSourcesBuildPhase;
			buildActionMask = 2147483647;
			files = (
				DC71F9281AAD01F500F7ED6F /* ViewController.swift in Sources */,
				DC71F9261AAD01F500F7ED6F /* AppDelegate.swift in Sources */,
				DC71F9461AAD085E00F7ED6F /* MyCustomTableViewCell.swift in Sources */,
			);
			runOnlyForDeploymentPostprocessing = 0;
		};
		DC71F9311AAD01F500F7ED6F /* Sources */ = {
			isa = PBXSourcesBuildPhase;
			buildActionMask = 2147483647;
			files = (
				DC71F93C1AAD01F500F7ED6F /* TableCellReuseTests.swift in Sources */,
			);
			runOnlyForDeploymentPostprocessing = 0;
		};
/* End PBXSourcesBuildPhase section */

/* Begin PBXTargetDependency section */
		DC71F9371AAD01F500F7ED6F /* PBXTargetDependency */ = {
			isa = PBXTargetDependency;
			target = DC71F91F1AAD01F500F7ED6F /* TableCellReuse */;
			targetProxy = DC71F9361AAD01F500F7ED6F /* PBXContainerItemProxy */;
		};
/* End PBXTargetDependency section */

/* Begin PBXVariantGroup section */
		DC71F9291AAD01F500F7ED6F /* Main.storyboard */ = {
			isa = PBXVariantGroup;
			children = (
				DC71F92A1AAD01F500F7ED6F /* Base */,
			);
			name = Main.storyboard;
			sourceTree = "<group>";
		};
		DC71F92E1AAD01F500F7ED6F /* LaunchScreen.xib */ = {
			isa = PBXVariantGroup;
			children = (
				DC71F92F1AAD01F500F7ED6F /* Base */,
			);
			name = LaunchScreen.xib;
			sourceTree = "<group>";
		};
/* End PBXVariantGroup section */

/* Begin XCBuildConfiguration section */
		DC71F93D1AAD01F500F7ED6F /* Debug */ = {
			isa = XCBuildConfiguration;
			buildSettings = {
				ALWAYS_SEARCH_USER_PATHS = NO;
				CLANG_CXX_LANGUAGE_STANDARD = "gnu++0x";
				CLANG_CXX_LIBRARY = "libc++";
				CLANG_ENABLE_MODULES = YES;
				CLANG_ENABLE_OBJC_ARC = YES;
				CLANG_WARN_BOOL_CONVERSION = YES;
				CLANG_WARN_CONSTANT_CONVERSION = YES;
				CLANG_WARN_DIRECT_OBJC_ISA_USAGE = YES_ERROR;
				CLANG_WARN_EMPTY_BODY = YES;
				CLANG_WARN_ENUM_CONVERSION = YES;
				CLANG_WARN_INT_CONVERSION = YES;
				CLANG_WARN_OBJC_ROOT_CLASS = YES_ERROR;
				CLANG_WARN_UNREACHABLE_CODE = YES;
				CLANG_WARN__DUPLICATE_METHOD_MATCH = YES;
				"CODE_SIGN_IDENTITY[sdk=iphoneos*]" = "iPhone Developer";
				COPY_PHASE_STRIP = NO;
				ENABLE_STRICT_OBJC_MSGSEND = YES;
				GCC_C_LANGUAGE_STANDARD = gnu99;
				GCC_DYNAMIC_NO_PIC = NO;
				GCC_OPTIMIZATION_LEVEL = 0;
				GCC_PREPROCESSOR_DEFINITIONS = (
					"DEBUG=1",
					"$(inherited)",
				);
				GCC_SYMBOLS_PRIVATE_EXTERN = NO;
				GCC_WARN_64_TO_32_BIT_CONVERSION = YES;
				GCC_WARN_ABOUT_RETURN_TYPE = YES_ERROR;
				GCC_WARN_UNDECLARED_SELECTOR = YES;
				GCC_WARN_UNINITIALIZED_AUTOS = YES_AGGRESSIVE;
				GCC_WARN_UNUSED_FUNCTION = YES;
				GCC_WARN_UNUSED_VARIABLE = YES;
				IPHONEOS_DEPLOYMENT_TARGET = 8.1;
				MTL_ENABLE_DEBUG_INFO = YES;
				ONLY_ACTIVE_ARCH = YES;
				SDKROOT = iphoneos;
				SWIFT_OPTIMIZATION_LEVEL = "-Onone";
				TARGETED_DEVICE_FAMILY = "1,2";
			};
			name = Debug;
		};
		DC71F93E1AAD01F500F7ED6F /* Release */ = {
			isa = XCBuildConfiguration;
			buildSettings = {
				ALWAYS_SEARCH_USER_PATHS = NO;
				CLANG_CXX_LANGUAGE_STANDARD = "gnu++0x";
				CLANG_CXX_LIBRARY = "libc++";
				CLANG_ENABLE_MODULES = YES;
				CLANG_ENABLE_OBJC_ARC = YES;
				CLANG_WARN_BOOL_CONVERSION = YES;
				CLANG_WARN_CONSTANT_CONVERSION = YES;
				CLANG_WARN_DIRECT_OBJC_ISA_USAGE = YES_ERROR;
				CLANG_WARN_EMPTY_BODY = YES;
				CLANG_WARN_ENUM_CONVERSION = YES;
				CLANG_WARN_INT_CONVERSION = YES;
				CLANG_WARN_OBJC_ROOT_CLASS = YES_ERROR;
				CLANG_WARN_UNREACHABLE_CODE = YES;
				CLANG_WARN__DUPLICATE_METHOD_MATCH = YES;
				"CODE_SIGN_IDENTITY[sdk=iphoneos*]" = "iPhone Developer";
				COPY_PHASE_STRIP = YES;
				ENABLE_NS_ASSERTIONS = NO;
				ENABLE_STRICT_OBJC_MSGSEND = YES;
				GCC_C_LANGUAGE_STANDARD = gnu99;
				GCC_WARN_64_TO_32_BIT_CONVERSION = YES;
				GCC_WARN_ABOUT_RETURN_TYPE = YES_ERROR;
				GCC_WARN_UNDECLARED_SELECTOR = YES;
				GCC_WARN_UNINITIALIZED_AUTOS = YES_AGGRESSIVE;
				GCC_WARN_UNUSED_FUNCTION = YES;
				GCC_WARN_UNUSED_VARIABLE = YES;
				IPHONEOS_DEPLOYMENT_TARGET = 8.1;
				MTL_ENABLE_DEBUG_INFO = NO;
				SDKROOT = iphoneos;
				TARGETED_DEVICE_FAMILY = "1,2";
				VALIDATE_PRODUCT = YES;
			};
			name = Release;
		};
		DC71F9401AAD01F500F7ED6F /* Debug */ = {
			isa = XCBuildConfiguration;
			buildSettings = {
				ASSETCATALOG_COMPILER_APPICON_NAME = AppIcon;
				INFOPLIST_FILE = TableCellReuse/Info.plist;
				LD_RUNPATH_SEARCH_PATHS = "$(inherited) @executable_path/Frameworks";
				PRODUCT_NAME = "$(TARGET_NAME)";
			};
			name = Debug;
		};
		DC71F9411AAD01F500F7ED6F /* Release */ = {
			isa = XCBuildConfiguration;
			buildSettings = {
				ASSETCATALOG_COMPILER_APPICON_NAME = AppIcon;
				INFOPLIST_FILE = TableCellReuse/Info.plist;
				LD_RUNPATH_SEARCH_PATHS = "$(inherited) @executable_path/Frameworks";
				PRODUCT_NAME = "$(TARGET_NAME)";
			};
			name = Release;
		};
		DC71F9431AAD01F500F7ED6F /* Debug */ = {
			isa = XCBuildConfiguration;
			buildSettings = {
				BUNDLE_LOADER = "$(TEST_HOST)";
				FRAMEWORK_SEARCH_PATHS = (
					"$(SDKROOT)/Developer/Library/Frameworks",
					"$(inherited)",
				);
				GCC_PREPROCESSOR_DEFINITIONS = (
					"DEBUG=1",
					"$(inherited)",
				);
				INFOPLIST_FILE = TableCellReuseTests/Info.plist;
				LD_RUNPATH_SEARCH_PATHS = "$(inherited) @executable_path/Frameworks @loader_path/Frameworks";
				PRODUCT_NAME = "$(TARGET_NAME)";
				TEST_HOST = "$(BUILT_PRODUCTS_DIR)/TableCellReuse.app/TableCellReuse";
			};
			name = Debug;
		};
		DC71F9441AAD01F500F7ED6F /* Release */ = {
			isa = XCBuildConfiguration;
			buildSettings = {
				BUNDLE_LOADER = "$(TEST_HOST)";
				FRAMEWORK_SEARCH_PATHS = (
					"$(SDKROOT)/Developer/Library/Frameworks",
					"$(inherited)",
				);
				INFOPLIST_FILE = TableCellReuseTests/Info.plist;
				LD_RUNPATH_SEARCH_PATHS = "$(inherited) @executable_path/Frameworks @loader_path/Frameworks";
				PRODUCT_NAME = "$(TARGET_NAME)";
				TEST_HOST = "$(BUILT_PRODUCTS_DIR)/TableCellReuse.app/TableCellReuse";
			};
			name = Release;
		};
/* End XCBuildConfiguration section */

/* Begin XCConfigurationList section */
		DC71F91B1AAD01F500F7ED6F /* Build configuration list for PBXProject "TableCellReuse" */ = {
			isa = XCConfigurationList;
			buildConfigurations = (
				DC71F93D1AAD01F500F7ED6F /* Debug */,
				DC71F93E1AAD01F500F7ED6F /* Release */,
			);
			defaultConfigurationIsVisible = 0;
			defaultConfigurationName = Release;
		};
		DC71F93F1AAD01F500F7ED6F /* Build configuration list for PBXNativeTarget "TableCellReuse" */ = {
			isa = XCConfigurationList;
			buildConfigurations = (
				DC71F9401AAD01F500F7ED6F /* Debug */,
				DC71F9411AAD01F500F7ED6F /* Release */,
			);
			defaultConfigurationIsVisible = 0;
			defaultConfigurationName = Release;
		};
		DC71F9421AAD01F500F7ED6F /* Build configuration list for PBXNativeTarget "TableCellReuseTests" */ = {
			isa = XCConfigurationList;
			buildConfigurations = (
				DC71F9431AAD01F500F7ED6F /* Debug */,
				DC71F9441AAD01F500F7ED6F /* Release */,
			);
			defaultConfigurationIsVisible = 0;
			defaultConfigurationName = Release;
		};
/* End XCConfigurationList section */
	};
	rootObject = DC71F9181AAD01F500F7ED6F /* Project object */;
}
