// !$*UTF8*$!
{
	archiveVersion = 1;
	classes = {
	};
	objectVersion = 46;
	objects = {

/* Begin PBXBuildFile section */
		DCB86A7E1AA3C3CA00E18728 /* main.m in Sources */ = {isa = PBXBuildFile; fileRef = DCB86A7D1AA3C3CA00E18728 /* main.m */; };
		DCB86A811AA3C3CA00E18728 /* AppDelegate.m in Sources */ = {isa = PBXBuildFile; fileRef = DCB86A801AA3C3CA00E18728 /* AppDelegate.m */; };
		DCB86A841AA3C3CA00E18728 /* ViewController.m in Sources */ = {isa = PBXBuildFile; fileRef = DCB86A831AA3C3CA00E18728 /* ViewController.m */; };
		DCB86A871AA3C3CA00E18728 /* Main.storyboard in Resources */ = {isa = PBXBuildFile; fileRef = DCB86A851AA3C3CA00E18728 /* Main.storyboard */; };
		DCB86A891AA3C3CA00E18728 /* Images.xcassets in Resources */ = {isa = PBXBuildFile; fileRef = DCB86A881AA3C3CA00E18728 /* Images.xcassets */; };
		DCB86A8C1AA3C3CA00E18728 /* LaunchScreen.xib in Resources */ = {isa = PBXBuildFile; fileRef = DCB86A8A1AA3C3CA00E18728 /* LaunchScreen.xib */; };
		DCB86A981AA3C3CA00E18728 /* ContainerSwapTests.m in Sources */ = {isa = PBXBuildFile; fileRef = DCB86A971AA3C3CA00E18728 /* ContainerSwapTests.m */; };
		DCB86AA31AA3C48D00E18728 /* YellowSubViewController.m in Sources */ = {isa = PBXBuildFile; fileRef = DCB86AA21AA3C48D00E18728 /* YellowSubViewController.m */; };
		DCB86AA61AA3C54B00E18728 /* BlueSubViewController.m in Sources */ = {isa = PBXBuildFile; fileRef = DCB86AA51AA3C54B00E18728 /* BlueSubViewController.m */; };
		DCB86AA81AA3CAED00E18728 /* mariokart.jpg in Resources */ = {isa = PBXBuildFile; fileRef = DCB86AA71AA3CAED00E18728 /* mariokart.jpg */; };
/* End PBXBuildFile section */

/* Begin PBXContainerItemProxy section */
		DCB86A921AA3C3CA00E18728 /* PBXContainerItemProxy */ = {
			isa = PBXContainerItemProxy;
			containerPortal = DCB86A701AA3C3CA00E18728 /* Project object */;
			proxyType = 1;
			remoteGlobalIDString = DCB86A771AA3C3CA00E18728;
			remoteInfo = ContainerSwap;
		};
/* End PBXContainerItemProxy section */

/* Begin PBXFileReference section */
		DCB86A781AA3C3CA00E18728 /* ContainerSwap.app */ = {isa = PBXFileReference; explicitFileType = wrapper.application; includeInIndex = 0; path = ContainerSwap.app; sourceTree = BUILT_PRODUCTS_DIR; };
		DCB86A7C1AA3C3CA00E18728 /* Info.plist */ = {isa = PBXFileReference; lastKnownFileType = text.plist.xml; path = Info.plist; sourceTree = "<group>"; };
		DCB86A7D1AA3C3CA00E18728 /* main.m */ = {isa = PBXFileReference; lastKnownFileType = sourcecode.c.objc; path = main.m; sourceTree = "<group>"; };
		DCB86A7F1AA3C3CA00E18728 /* AppDelegate.h */ = {isa = PBXFileReference; lastKnownFileType = sourcecode.c.h; path = AppDelegate.h; sourceTree = "<group>"; };
		DCB86A801AA3C3CA00E18728 /* AppDelegate.m */ = {isa = PBXFileReference; lastKnownFileType = sourcecode.c.objc; path = AppDelegate.m; sourceTree = "<group>"; };
		DCB86A821AA3C3CA00E18728 /* ViewController.h */ = {isa = PBXFileReference; lastKnownFileType = sourcecode.c.h; path = ViewController.h; sourceTree = "<group>"; };
		DCB86A831AA3C3CA00E18728 /* ViewController.m */ = {isa = PBXFileReference; lastKnownFileType = sourcecode.c.objc; path = ViewController.m; sourceTree = "<group>"; };
		DCB86A861AA3C3CA00E18728 /* Base */ = {isa = PBXFileReference; lastKnownFileType = file.storyboard; name = Base; path = Base.lproj/Main.storyboard; sourceTree = "<group>"; };
		DCB86A881AA3C3CA00E18728 /* Images.xcassets */ = {isa = PBXFileReference; lastKnownFileType = folder.assetcatalog; path = Images.xcassets; sourceTree = "<group>"; };
		DCB86A8B1AA3C3CA00E18728 /* Base */ = {isa = PBXFileReference; lastKnownFileType = file.xib; name = Base; path = Base.lproj/LaunchScreen.xib; sourceTree = "<group>"; };
		DCB86A911AA3C3CA00E18728 /* ContainerSwapTests.xctest */ = {isa = PBXFileReference; explicitFileType = wrapper.cfbundle; includeInIndex = 0; path = ContainerSwapTests.xctest; sourceTree = BUILT_PRODUCTS_DIR; };
		DCB86A961AA3C3CA00E18728 /* Info.plist */ = {isa = PBXFileReference; lastKnownFileType = text.plist.xml; path = Info.plist; sourceTree = "<group>"; };
		DCB86A971AA3C3CA00E18728 /* ContainerSwapTests.m */ = {isa = PBXFileReference; lastKnownFileType = sourcecode.c.objc; path = ContainerSwapTests.m; sourceTree = "<group>"; };
		DCB86AA11AA3C48D00E18728 /* YellowSubViewController.h */ = {isa = PBXFileReference; fileEncoding = 4; lastKnownFileType = sourcecode.c.h; path = YellowSubViewController.h; sourceTree = "<group>"; };
		DCB86AA21AA3C48D00E18728 /* YellowSubViewController.m */ = {isa = PBXFileReference; fileEncoding = 4; lastKnownFileType = sourcecode.c.objc; path = YellowSubViewController.m; sourceTree = "<group>"; };
		DCB86AA41AA3C54B00E18728 /* BlueSubViewController.h */ = {isa = PBXFileReference; fileEncoding = 4; lastKnownFileType = sourcecode.c.h; path = BlueSubViewController.h; sourceTree = "<group>"; };
		DCB86AA51AA3C54B00E18728 /* BlueSubViewController.m */ = {isa = PBXFileReference; fileEncoding = 4; lastKnownFileType = sourcecode.c.objc; path = BlueSubViewController.m; sourceTree = "<group>"; };
		DCB86AA71AA3CAED00E18728 /* mariokart.jpg */ = {isa = PBXFileReference; lastKnownFileType = image.jpeg; path = mariokart.jpg; sourceTree = "<group>"; };
/* End PBXFileReference section */

/* Begin PBXFrameworksBuildPhase section */
		DCB86A751AA3C3CA00E18728 /* Frameworks */ = {
			isa = PBXFrameworksBuildPhase;
			buildActionMask = 2147483647;
			files = (
			);
			runOnlyForDeploymentPostprocessing = 0;
		};
		DCB86A8E1AA3C3CA00E18728 /* Frameworks */ = {
			isa = PBXFrameworksBuildPhase;
			buildActionMask = 2147483647;
			files = (
			);
			runOnlyForDeploymentPostprocessing = 0;
		};
/* End PBXFrameworksBuildPhase section */

/* Begin PBXGroup section */
		DCB86A6F1AA3C3CA00E18728 = {
			isa = PBXGroup;
			children = (
				DCB86A7A1AA3C3CA00E18728 /* ContainerSwap */,
				DCB86A941AA3C3CA00E18728 /* ContainerSwapTests */,
				DCB86A791AA3C3CA00E18728 /* Products */,
			);
			sourceTree = "<group>";
		};
		DCB86A791AA3C3CA00E18728 /* Products */ = {
			isa = PBXGroup;
			children = (
				DCB86A781AA3C3CA00E18728 /* ContainerSwap.app */,
				DCB86A911AA3C3CA00E18728 /* ContainerSwapTests.xctest */,
			);
			name = Products;
			sourceTree = "<group>";
		};
		DCB86A7A1AA3C3CA00E18728 /* ContainerSwap */ = {
			isa = PBXGroup;
			children = (
				DCB86A7F1AA3C3CA00E18728 /* AppDelegate.h */,
				DCB86A801AA3C3CA00E18728 /* AppDelegate.m */,
				DCB86A821AA3C3CA00E18728 /* ViewController.h */,
				DCB86A831AA3C3CA00E18728 /* ViewController.m */,
				DCB86A851AA3C3CA00E18728 /* Main.storyboard */,
				DCB86A881AA3C3CA00E18728 /* Images.xcassets */,
				DCB86A8A1AA3C3CA00E18728 /* LaunchScreen.xib */,
				DCB86A7B1AA3C3CA00E18728 /* Supporting Files */,
				DCB86AA11AA3C48D00E18728 /* YellowSubViewController.h */,
				DCB86AA21AA3C48D00E18728 /* YellowSubViewController.m */,
				DCB86AA41AA3C54B00E18728 /* BlueSubViewController.h */,
				DCB86AA51AA3C54B00E18728 /* BlueSubViewController.m */,
			);
			path = ContainerSwap;
			sourceTree = "<group>";
		};
		DCB86A7B1AA3C3CA00E18728 /* Supporting Files */ = {
			isa = PBXGroup;
			children = (
				DCB86AA71AA3CAED00E18728 /* mariokart.jpg */,
				DCB86A7C1AA3C3CA00E18728 /* Info.plist */,
				DCB86A7D1AA3C3CA00E18728 /* main.m */,
			);
			name = "Supporting Files";
			sourceTree = "<group>";
		};
		DCB86A941AA3C3CA00E18728 /* ContainerSwapTests */ = {
			isa = PBXGroup;
			children = (
				DCB86A971AA3C3CA00E18728 /* ContainerSwapTests.m */,
				DCB86A951AA3C3CA00E18728 /* Supporting Files */,
			);
			path = ContainerSwapTests;
			sourceTree = "<group>";
		};
		DCB86A951AA3C3CA00E18728 /* Supporting Files */ = {
			isa = PBXGroup;
			children = (
				DCB86A961AA3C3CA00E18728 /* Info.plist */,
			);
			name = "Supporting Files";
			sourceTree = "<group>";
		};
/* End PBXGroup section */

/* Begin PBXNativeTarget section */
		DCB86A771AA3C3CA00E18728 /* ContainerSwap */ = {
			isa = PBXNativeTarget;
			buildConfigurationList = DCB86A9B1AA3C3CA00E18728 /* Build configuration list for PBXNativeTarget "ContainerSwap" */;
			buildPhases = (
				DCB86A741AA3C3CA00E18728 /* Sources */,
				DCB86A751AA3C3CA00E18728 /* Frameworks */,
				DCB86A761AA3C3CA00E18728 /* Resources */,
			);
			buildRules = (
			);
			dependencies = (
			);
			name = ContainerSwap;
			productName = ContainerSwap;
			productReference = DCB86A781AA3C3CA00E18728 /* ContainerSwap.app */;
			productType = "com.apple.product-type.application";
		};
		DCB86A901AA3C3CA00E18728 /* ContainerSwapTests */ = {
			isa = PBXNativeTarget;
			buildConfigurationList = DCB86A9E1AA3C3CA00E18728 /* Build configuration list for PBXNativeTarget "ContainerSwapTests" */;
			buildPhases = (
				DCB86A8D1AA3C3CA00E18728 /* Sources */,
				DCB86A8E1AA3C3CA00E18728 /* Frameworks */,
				DCB86A8F1AA3C3CA00E18728 /* Resources */,
			);
			buildRules = (
			);
			dependencies = (
				DCB86A931AA3C3CA00E18728 /* PBXTargetDependency */,
			);
			name = ContainerSwapTests;
			productName = ContainerSwapTests;
			productReference = DCB86A911AA3C3CA00E18728 /* ContainerSwapTests.xctest */;
			productType = "com.apple.product-type.bundle.unit-test";
		};
/* End PBXNativeTarget section */

/* Begin PBXProject section */
		DCB86A701AA3C3CA00E18728 /* Project object */ = {
			isa = PBXProject;
			attributes = {
				LastUpgradeCheck = 0610;
				ORGANIZATIONNAME = "Adam Johns";
				TargetAttributes = {
					DCB86A771AA3C3CA00E18728 = {
						CreatedOnToolsVersion = 6.1.1;
					};
					DCB86A901AA3C3CA00E18728 = {
						CreatedOnToolsVersion = 6.1.1;
						TestTargetID = DCB86A771AA3C3CA00E18728;
					};
				};
			};
			buildConfigurationList = DCB86A731AA3C3CA00E18728 /* Build configuration list for PBXProject "ContainerSwap" */;
			compatibilityVersion = "Xcode 3.2";
			developmentRegion = English;
			hasScannedForEncodings = 0;
			knownRegions = (
				en,
				Base,
			);
			mainGroup = DCB86A6F1AA3C3CA00E18728;
			productRefGroup = DCB86A791AA3C3CA00E18728 /* Products */;
			projectDirPath = "";
			projectRoot = "";
			targets = (
				DCB86A771AA3C3CA00E18728 /* ContainerSwap */,
				DCB86A901AA3C3CA00E18728 /* ContainerSwapTests */,
			);
		};
/* End PBXProject section */

/* Begin PBXResourcesBuildPhase section */
		DCB86A761AA3C3CA00E18728 /* Resources */ = {
			isa = PBXResourcesBuildPhase;
			buildActionMask = 2147483647;
			files = (
				DCB86A871AA3C3CA00E18728 /* Main.storyboard in Resources */,
				DCB86A8C1AA3C3CA00E18728 /* LaunchScreen.xib in Resources */,
				DCB86AA81AA3CAED00E18728 /* mariokart.jpg in Resources */,
				DCB86A891AA3C3CA00E18728 /* Images.xcassets in Resources */,
			);
			runOnlyForDeploymentPostprocessing = 0;
		};
		DCB86A8F1AA3C3CA00E18728 /* Resources */ = {
			isa = PBXResourcesBuildPhase;
			buildActionMask = 2147483647;
			files = (
			);
			runOnlyForDeploymentPostprocessing = 0;
		};
/* End PBXResourcesBuildPhase section */

/* Begin PBXSourcesBuildPhase section */
		DCB86A741AA3C3CA00E18728 /* Sources */ = {
			isa = PBXSourcesBuildPhase;
			buildActionMask = 2147483647;
			files = (
				DCB86A841AA3C3CA00E18728 /* ViewController.m in Sources */,
				DCB86AA31AA3C48D00E18728 /* YellowSubViewController.m in Sources */,
				DCB86A811AA3C3CA00E18728 /* AppDelegate.m in Sources */,
				DCB86A7E1AA3C3CA00E18728 /* main.m in Sources */,
				DCB86AA61AA3C54B00E18728 /* BlueSubViewController.m in Sources */,
			);
			runOnlyForDeploymentPostprocessing = 0;
		};
		DCB86A8D1AA3C3CA00E18728 /* Sources */ = {
			isa = PBXSourcesBuildPhase;
			buildActionMask = 2147483647;
			files = (
				DCB86A981AA3C3CA00E18728 /* ContainerSwapTests.m in Sources */,
			);
			runOnlyForDeploymentPostprocessing = 0;
		};
/* End PBXSourcesBuildPhase section */

/* Begin PBXTargetDependency section */
		DCB86A931AA3C3CA00E18728 /* PBXTargetDependency */ = {
			isa = PBXTargetDependency;
			target = DCB86A771AA3C3CA00E18728 /* ContainerSwap */;
			targetProxy = DCB86A921AA3C3CA00E18728 /* PBXContainerItemProxy */;
		};
/* End PBXTargetDependency section */

/* Begin PBXVariantGroup section */
		DCB86A851AA3C3CA00E18728 /* Main.storyboard */ = {
			isa = PBXVariantGroup;
			children = (
				DCB86A861AA3C3CA00E18728 /* Base */,
			);
			name = Main.storyboard;
			sourceTree = "<group>";
		};
		DCB86A8A1AA3C3CA00E18728 /* LaunchScreen.xib */ = {
			isa = PBXVariantGroup;
			children = (
				DCB86A8B1AA3C3CA00E18728 /* Base */,
			);
			name = LaunchScreen.xib;
			sourceTree = "<group>";
		};
/* End PBXVariantGroup section */

/* Begin XCBuildConfiguration section */
		DCB86A991AA3C3CA00E18728 /* Debug */ = {
			isa = XCBuildConfiguration;
			buildSettings = {
				ALWAYS_SEARCH_USER_PATHS = NO;
				CLANG_CXX_LANGUAGE_STANDARD = "gnu++0x";
				CLANG_CXX_LIBRARY = "libc++";
				CLANG_ENABLE_MODULES = YES;
				CLANG_ENABLE_OBJC_ARC = YES;
				CLANG_WARN_BOOL_CONVERSION = YES;
				CLANG_WARN_CONSTANT_CONVERSION = YES;
				CLANG_WARN_DIRECT_OBJC_ISA_USAGE = YES_ERROR;
				CLANG_WARN_EMPTY_BODY = YES;
				CLANG_WARN_ENUM_CONVERSION = YES;
				CLANG_WARN_INT_CONVERSION = YES;
				CLANG_WARN_OBJC_ROOT_CLASS = YES_ERROR;
				CLANG_WARN_UNREACHABLE_CODE = YES;
				CLANG_WARN__DUPLICATE_METHOD_MATCH = YES;
				"CODE_SIGN_IDENTITY[sdk=iphoneos*]" = "iPhone Developer";
				COPY_PHASE_STRIP = NO;
				ENABLE_STRICT_OBJC_MSGSEND = YES;
				GCC_C_LANGUAGE_STANDARD = gnu99;
				GCC_DYNAMIC_NO_PIC = NO;
				GCC_OPTIMIZATION_LEVEL = 0;
				GCC_PREPROCESSOR_DEFINITIONS = (
					"DEBUG=1",
					"$(inherited)",
				);
				GCC_SYMBOLS_PRIVATE_EXTERN = NO;
				GCC_WARN_64_TO_32_BIT_CONVERSION = YES;
				GCC_WARN_ABOUT_RETURN_TYPE = YES_ERROR;
				GCC_WARN_UNDECLARED_SELECTOR = YES;
				GCC_WARN_UNINITIALIZED_AUTOS = YES_AGGRESSIVE;
				GCC_WARN_UNUSED_FUNCTION = YES;
				GCC_WARN_UNUSED_VARIABLE = YES;
				IPHONEOS_DEPLOYMENT_TARGET = 8.1;
				MTL_ENABLE_DEBUG_INFO = YES;
				ONLY_ACTIVE_ARCH = YES;
				SDKROOT = iphoneos;
				TARGETED_DEVICE_FAMILY = "1,2";
			};
			name = Debug;
		};
		DCB86A9A1AA3C3CA00E18728 /* Release */ = {
			isa = XCBuildConfiguration;
			buildSettings = {
				ALWAYS_SEARCH_USER_PATHS = NO;
				CLANG_CXX_LANGUAGE_STANDARD = "gnu++0x";
				CLANG_CXX_LIBRARY = "libc++";
				CLANG_ENABLE_MODULES = YES;
				CLANG_ENABLE_OBJC_ARC = YES;
				CLANG_WARN_BOOL_CONVERSION = YES;
				CLANG_WARN_CONSTANT_CONVERSION = YES;
				CLANG_WARN_DIRECT_OBJC_ISA_USAGE = YES_ERROR;
				CLANG_WARN_EMPTY_BODY = YES;
				CLANG_WARN_ENUM_CONVERSION = YES;
				CLANG_WARN_INT_CONVERSION = YES;
				CLANG_WARN_OBJC_ROOT_CLASS = YES_ERROR;
				CLANG_WARN_UNREACHABLE_CODE = YES;
				CLANG_WARN__DUPLICATE_METHOD_MATCH = YES;
				"CODE_SIGN_IDENTITY[sdk=iphoneos*]" = "iPhone Developer";
				COPY_PHASE_STRIP = YES;
				ENABLE_NS_ASSERTIONS = NO;
				ENABLE_STRICT_OBJC_MSGSEND = YES;
				GCC_C_LANGUAGE_STANDARD = gnu99;
				GCC_WARN_64_TO_32_BIT_CONVERSION = YES;
				GCC_WARN_ABOUT_RETURN_TYPE = YES_ERROR;
				GCC_WARN_UNDECLARED_SELECTOR = YES;
				GCC_WARN_UNINITIALIZED_AUTOS = YES_AGGRESSIVE;
				GCC_WARN_UNUSED_FUNCTION = YES;
				GCC_WARN_UNUSED_VARIABLE = YES;
				IPHONEOS_DEPLOYMENT_TARGET = 8.1;
				MTL_ENABLE_DEBUG_INFO = NO;
				SDKROOT = iphoneos;
				TARGETED_DEVICE_FAMILY = "1,2";
				VALIDATE_PRODUCT = YES;
			};
			name = Release;
		};
		DCB86A9C1AA3C3CA00E18728 /* Debug */ = {
			isa = XCBuildConfiguration;
			buildSettings = {
				ASSETCATALOG_COMPILER_APPICON_NAME = AppIcon;
				INFOPLIST_FILE = ContainerSwap/Info.plist;
				LD_RUNPATH_SEARCH_PATHS = "$(inherited) @executable_path/Frameworks";
				PRODUCT_NAME = "$(TARGET_NAME)";
			};
			name = Debug;
		};
		DCB86A9D1AA3C3CA00E18728 /* Release */ = {
			isa = XCBuildConfiguration;
			buildSettings = {
				ASSETCATALOG_COMPILER_APPICON_NAME = AppIcon;
				INFOPLIST_FILE = ContainerSwap/Info.plist;
				LD_RUNPATH_SEARCH_PATHS = "$(inherited) @executable_path/Frameworks";
				PRODUCT_NAME = "$(TARGET_NAME)";
			};
			name = Release;
		};
		DCB86A9F1AA3C3CA00E18728 /* Debug */ = {
			isa = XCBuildConfiguration;
			buildSettings = {
				BUNDLE_LOADER = "$(TEST_HOST)";
				FRAMEWORK_SEARCH_PATHS = (
					"$(SDKROOT)/Developer/Library/Frameworks",
					"$(inherited)",
				);
				GCC_PREPROCESSOR_DEFINITIONS = (
					"DEBUG=1",
					"$(inherited)",
				);
				INFOPLIST_FILE = ContainerSwapTests/Info.plist;
				LD_RUNPATH_SEARCH_PATHS = "$(inherited) @executable_path/Frameworks @loader_path/Frameworks";
				PRODUCT_NAME = "$(TARGET_NAME)";
				TEST_HOST = "$(BUILT_PRODUCTS_DIR)/ContainerSwap.app/ContainerSwap";
			};
			name = Debug;
		};
		DCB86AA01AA3C3CA00E18728 /* Release */ = {
			isa = XCBuildConfiguration;
			buildSettings = {
				BUNDLE_LOADER = "$(TEST_HOST)";
				FRAMEWORK_SEARCH_PATHS = (
					"$(SDKROOT)/Developer/Library/Frameworks",
					"$(inherited)",
				);
				INFOPLIST_FILE = ContainerSwapTests/Info.plist;
				LD_RUNPATH_SEARCH_PATHS = "$(inherited) @executable_path/Frameworks @loader_path/Frameworks";
				PRODUCT_NAME = "$(TARGET_NAME)";
				TEST_HOST = "$(BUILT_PRODUCTS_DIR)/ContainerSwap.app/ContainerSwap";
			};
			name = Release;
		};
/* End XCBuildConfiguration section */

/* Begin XCConfigurationList section */
		DCB86A731AA3C3CA00E18728 /* Build configuration list for PBXProject "ContainerSwap" */ = {
			isa = XCConfigurationList;
			buildConfigurations = (
				DCB86A991AA3C3CA00E18728 /* Debug */,
				DCB86A9A1AA3C3CA00E18728 /* Release */,
			);
			defaultConfigurationIsVisible = 0;
			defaultConfigurationName = Release;
		};
		DCB86A9B1AA3C3CA00E18728 /* Build configuration list for PBXNativeTarget "ContainerSwap" */ = {
			isa = XCConfigurationList;
			buildConfigurations = (
				DCB86A9C1AA3C3CA00E18728 /* Debug */,
				DCB86A9D1AA3C3CA00E18728 /* Release */,
			);
			defaultConfigurationIsVisible = 0;
		};
		DCB86A9E1AA3C3CA00E18728 /* Build configuration list for PBXNativeTarget "ContainerSwapTests" */ = {
			isa = XCConfigurationList;
			buildConfigurations = (
				DCB86A9F1AA3C3CA00E18728 /* Debug */,
				DCB86AA01AA3C3CA00E18728 /* Release */,
			);
			defaultConfigurationIsVisible = 0;
		};
/* End XCConfigurationList section */
	};
	rootObject = DCB86A701AA3C3CA00E18728 /* Project object */;
}
